
Microsoft Visual Studio Solution File, Format Version 12.00
# Visual Studio 15
VisualStudioVersion = 15.0.28307.421
MinimumVisualStudioVersion = 10.0.40219.1
Project("{8BC9CEB8-8B4A-11D0-8D11-00A0C91BC942}") = "Home0", "Home0\Home0.vcxproj", "{E559D0A8-5920-4BEC-80F2-DCDA7E6E2ADC}"
EndProject
Project("{8BC9CEB8-8B4A-11D0-8D11-00A0C91BC942}") = "Sort", "Sort\Sort.vcxproj", "{413C1AAE-738E-4E54-866C-09E20CCCD3BF}"
EndProject
Global
	GlobalSection(SolutionConfigurationPlatforms) = preSolution
		Debug|Win32 = Debug|Win32
		Debug|x64 = Debug|x64
		Release|Win32 = Release|Win32
		Release|x64 = Release|x64
	EndGlobalSection
	GlobalSection(ProjectConfigurationPlatforms) = postSolution
		{E559D0A8-5920-4BEC-80F2-DCDA7E6E2ADC}.Debug|Win32.ActiveCfg = Debug|Win32
		{E559D0A8-5920-4BEC-80F2-DCDA7E6E2ADC}.Debug|Win32.Build.0 = Debug|Win32
		{E559D0A8-5920-4BEC-80F2-DCDA7E6E2ADC}.Debug|x64.ActiveCfg = Debug|Win32
		{E559D0A8-5920-4BEC-80F2-DCDA7E6E2ADC}.Release|Win32.ActiveCfg = Release|Win32
		{E559D0A8-5920-4BEC-80F2-DCDA7E6E2ADC}.Release|Win32.Build.0 = Release|Win32
		{E559D0A8-5920-4BEC-80F2-DCDA7E6E2ADC}.Release|x64.ActiveCfg = Release|Win32
		{413C1AAE-738E-4E54-866C-09E20CCCD3BF}.Debug|Win32.ActiveCfg = Debug|Win32
		{413C1AAE-738E-4E54-866C-09E20CCCD3BF}.Debug|Win32.Build.0 = Debug|Win32
		{413C1AAE-738E-4E54-866C-09E20CCCD3BF}.Debug|x64.ActiveCfg = Debug|x64
		{413C1AAE-738E-4E54-866C-09E20CCCD3BF}.Debug|x64.Build.0 = Debug|x64
		{413C1AAE-738E-4E54-866C-09E20CCCD3BF}.Release|Win32.ActiveCfg = Release|Win32
		{413C1AAE-738E-4E54-866C-09E20CCCD3BF}.Release|Win32.Build.0 = Release|Win32
		{413C1AAE-738E-4E54-866C-09E20CCCD3BF}.Release|x64.ActiveCfg = Release|x64
		{413C1AAE-738E-4E54-866C-09E20CCCD3BF}.Release|x64.Build.0 = Release|x64
	EndGlobalSection
	GlobalSection(SolutionProperties) = preSolution
		HideSolutionNode = FALSE
	EndGlobalSection
	GlobalSection(ExtensibilityGlobals) = postSolution
		SolutionGuid = {04573DCF-5D5F-4DC0-A0FB-BDDA53A126C9}
	EndGlobalSection
EndGlobal
